// !$*UTF8*$!
{
	archiveVersion = 1;
	classes = {
	};
	objectVersion = 55;
	objects = {

/* Begin PBXBuildFile section */
		61113B7128C7D6D600EE2A31 /* AddBookViewModel.swift in Sources */ = {isa = PBXBuildFile; fileRef = 61113B7028C7D6D600EE2A31 /* AddBookViewModel.swift */; };
		61113B7728C7E0BA00EE2A31 /* ContentViewModel.swift in Sources */ = {isa = PBXBuildFile; fileRef = 61113B7628C7E0BA00EE2A31 /* ContentViewModel.swift */; };
		6170991A28C5A925006CD5ED /* BookwormApp.swift in Sources */ = {isa = PBXBuildFile; fileRef = 6170991928C5A925006CD5ED /* BookwormApp.swift */; };
		6170991C28C5A925006CD5ED /* ContentView.swift in Sources */ = {isa = PBXBuildFile; fileRef = 6170991B28C5A925006CD5ED /* ContentView.swift */; };
		6170991E28C5A928006CD5ED /* Assets.xcassets in Resources */ = {isa = PBXBuildFile; fileRef = 6170991D28C5A928006CD5ED /* Assets.xcassets */; };
		6170992128C5A928006CD5ED /* Preview Assets.xcassets in Resources */ = {isa = PBXBuildFile; fileRef = 6170992028C5A928006CD5ED /* Preview Assets.xcassets */; };
		6170992B28C5A929006CD5ED /* BookwormTests.swift in Sources */ = {isa = PBXBuildFile; fileRef = 6170992A28C5A929006CD5ED /* BookwormTests.swift */; };
		6170993528C5A929006CD5ED /* BookwormUITests.swift in Sources */ = {isa = PBXBuildFile; fileRef = 6170993428C5A929006CD5ED /* BookwormUITests.swift */; };
		6170993728C5A929006CD5ED /* BookwormUITestsLaunchTests.swift in Sources */ = {isa = PBXBuildFile; fileRef = 6170993628C5A929006CD5ED /* BookwormUITestsLaunchTests.swift */; };
		6170994528C5A9D4006CD5ED /* Bookworm.xcdatamodeld in Sources */ = {isa = PBXBuildFile; fileRef = 6170994328C5A9D4006CD5ED /* Bookworm.xcdatamodeld */; };
		6170994828C5AA04006CD5ED /* DataController.swift in Sources */ = {isa = PBXBuildFile; fileRef = 6170994728C5AA04006CD5ED /* DataController.swift */; };
		6170994A28C5AB72006CD5ED /* AddBookView.swift in Sources */ = {isa = PBXBuildFile; fileRef = 6170994928C5AB72006CD5ED /* AddBookView.swift */; };
		6170994C28C5C46B006CD5ED /* RatingView.swift in Sources */ = {isa = PBXBuildFile; fileRef = 6170994B28C5C46B006CD5ED /* RatingView.swift */; };
		6170994E28C5CD5A006CD5ED /* EmojiRatingReview.swift in Sources */ = {isa = PBXBuildFile; fileRef = 6170994D28C5CD59006CD5ED /* EmojiRatingReview.swift */; };
		6170995028C6A2DF006CD5ED /* DetailView.swift in Sources */ = {isa = PBXBuildFile; fileRef = 6170994F28C6A2DF006CD5ED /* DetailView.swift */; };
/* End PBXBuildFile section */

/* Begin PBXContainerItemProxy section */
		6170992728C5A929006CD5ED /* PBXContainerItemProxy */ = {
			isa = PBXContainerItemProxy;
			containerPortal = 6170990E28C5A925006CD5ED /* Project object */;
			proxyType = 1;
			remoteGlobalIDString = 6170991528C5A925006CD5ED;
			remoteInfo = Bookworm;
		};
		6170993128C5A929006CD5ED /* PBXContainerItemProxy */ = {
			isa = PBXContainerItemProxy;
			containerPortal = 6170990E28C5A925006CD5ED /* Project object */;
			proxyType = 1;
			remoteGlobalIDString = 6170991528C5A925006CD5ED;
			remoteInfo = Bookworm;
		};
/* End PBXContainerItemProxy section */

/* Begin PBXFileReference section */
		61113B7028C7D6D600EE2A31 /* AddBookViewModel.swift */ = {isa = PBXFileReference; lastKnownFileType = sourcecode.swift; path = AddBookViewModel.swift; sourceTree = "<group>"; };
		61113B7628C7E0BA00EE2A31 /* ContentViewModel.swift */ = {isa = PBXFileReference; lastKnownFileType = sourcecode.swift; path = ContentViewModel.swift; sourceTree = "<group>"; };
		6170991628C5A925006CD5ED /* Bookworm.app */ = {isa = PBXFileReference; explicitFileType = wrapper.application; includeInIndex = 0; path = Bookworm.app; sourceTree = BUILT_PRODUCTS_DIR; };
		6170991928C5A925006CD5ED /* BookwormApp.swift */ = {isa = PBXFileReference; lastKnownFileType = sourcecode.swift; path = BookwormApp.swift; sourceTree = "<group>"; };
		6170991B28C5A925006CD5ED /* ContentView.swift */ = {isa = PBXFileReference; lastKnownFileType = sourcecode.swift; path = ContentView.swift; sourceTree = "<group>"; };
		6170991D28C5A928006CD5ED /* Assets.xcassets */ = {isa = PBXFileReference; lastKnownFileType = folder.assetcatalog; path = Assets.xcassets; sourceTree = "<group>"; };
		6170992028C5A928006CD5ED /* Preview Assets.xcassets */ = {isa = PBXFileReference; lastKnownFileType = folder.assetcatalog; path = "Preview Assets.xcassets"; sourceTree = "<group>"; };
		6170992628C5A929006CD5ED /* BookwormTests.xctest */ = {isa = PBXFileReference; explicitFileType = wrapper.cfbundle; includeInIndex = 0; path = BookwormTests.xctest; sourceTree = BUILT_PRODUCTS_DIR; };
		6170992A28C5A929006CD5ED /* BookwormTests.swift */ = {isa = PBXFileReference; lastKnownFileType = sourcecode.swift; path = BookwormTests.swift; sourceTree = "<group>"; };
		6170993028C5A929006CD5ED /* BookwormUITests.xctest */ = {isa = PBXFileReference; explicitFileType = wrapper.cfbundle; includeInIndex = 0; path = BookwormUITests.xctest; sourceTree = BUILT_PRODUCTS_DIR; };
		6170993428C5A929006CD5ED /* BookwormUITests.swift */ = {isa = PBXFileReference; lastKnownFileType = sourcecode.swift; path = BookwormUITests.swift; sourceTree = "<group>"; };
		6170993628C5A929006CD5ED /* BookwormUITestsLaunchTests.swift */ = {isa = PBXFileReference; lastKnownFileType = sourcecode.swift; path = BookwormUITestsLaunchTests.swift; sourceTree = "<group>"; };
		6170994428C5A9D4006CD5ED /* Bookworm.xcdatamodel */ = {isa = PBXFileReference; lastKnownFileType = wrapper.xcdatamodel; path = Bookworm.xcdatamodel; sourceTree = "<group>"; };
		6170994728C5AA04006CD5ED /* DataController.swift */ = {isa = PBXFileReference; lastKnownFileType = sourcecode.swift; path = DataController.swift; sourceTree = "<group>"; };
		6170994928C5AB72006CD5ED /* AddBookView.swift */ = {isa = PBXFileReference; lastKnownFileType = sourcecode.swift; path = AddBookView.swift; sourceTree = "<group>"; };
		6170994B28C5C46B006CD5ED /* RatingView.swift */ = {isa = PBXFileReference; lastKnownFileType = sourcecode.swift; path = RatingView.swift; sourceTree = "<group>"; };
		6170994D28C5CD59006CD5ED /* EmojiRatingReview.swift */ = {isa = PBXFileReference; lastKnownFileType = sourcecode.swift; path = EmojiRatingReview.swift; sourceTree = "<group>"; };
		6170994F28C6A2DF006CD5ED /* DetailView.swift */ = {isa = PBXFileReference; lastKnownFileType = sourcecode.swift; path = DetailView.swift; sourceTree = "<group>"; };
/* End PBXFileReference section */

/* Begin PBXFrameworksBuildPhase section */
		6170991328C5A925006CD5ED /* Frameworks */ = {
			isa = PBXFrameworksBuildPhase;
			buildActionMask = 2147483647;
			files = (
			);
			runOnlyForDeploymentPostprocessing = 0;
		};
		6170992328C5A929006CD5ED /* Frameworks */ = {
			isa = PBXFrameworksBuildPhase;
			buildActionMask = 2147483647;
			files = (
			);
			runOnlyForDeploymentPostprocessing = 0;
		};
		6170992D28C5A929006CD5ED /* Frameworks */ = {
			isa = PBXFrameworksBuildPhase;
			buildActionMask = 2147483647;
			files = (
			);
			runOnlyForDeploymentPostprocessing = 0;
		};
/* End PBXFrameworksBuildPhase section */

/* Begin PBXGroup section */
		61113B6F28C7D6BE00EE2A31 /* ViewModels */ = {
			isa = PBXGroup;
			children = (
				61113B7028C7D6D600EE2A31 /* AddBookViewModel.swift */,
				61113B7628C7E0BA00EE2A31 /* ContentViewModel.swift */,
			);
			path = ViewModels;
			sourceTree = "<group>";
		};
		6170990D28C5A925006CD5ED = {
			isa = PBXGroup;
			children = (
				6170991828C5A925006CD5ED /* Bookworm */,
				6170992928C5A929006CD5ED /* BookwormTests */,
				6170993328C5A929006CD5ED /* BookwormUITests */,
				6170991728C5A925006CD5ED /* Products */,
			);
			sourceTree = "<group>";
		};
		6170991728C5A925006CD5ED /* Products */ = {
			isa = PBXGroup;
			children = (
				6170991628C5A925006CD5ED /* Bookworm.app */,
				6170992628C5A929006CD5ED /* BookwormTests.xctest */,
				6170993028C5A929006CD5ED /* BookwormUITests.xctest */,
			);
			name = Products;
			sourceTree = "<group>";
		};
		6170991828C5A925006CD5ED /* Bookworm */ = {
			isa = PBXGroup;
			children = (
				61113B6F28C7D6BE00EE2A31 /* ViewModels */,
				6170994628C5A9F3006CD5ED /* CoreData */,
				6170991928C5A925006CD5ED /* BookwormApp.swift */,
				6170991B28C5A925006CD5ED /* ContentView.swift */,
				6170991D28C5A928006CD5ED /* Assets.xcassets */,
				6170991F28C5A928006CD5ED /* Preview Content */,
				6170994328C5A9D4006CD5ED /* Bookworm.xcdatamodeld */,
				6170994928C5AB72006CD5ED /* AddBookView.swift */,
				6170994B28C5C46B006CD5ED /* RatingView.swift */,
				6170994D28C5CD59006CD5ED /* EmojiRatingReview.swift */,
				6170994F28C6A2DF006CD5ED /* DetailView.swift */,
			);
			path = Bookworm;
			sourceTree = "<group>";
		};
		6170991F28C5A928006CD5ED /* Preview Content */ = {
			isa = PBXGroup;
			children = (
				6170992028C5A928006CD5ED /* Preview Assets.xcassets */,
			);
			path = "Preview Content";
			sourceTree = "<group>";
		};
		6170992928C5A929006CD5ED /* BookwormTests */ = {
			isa = PBXGroup;
			children = (
				6170992A28C5A929006CD5ED /* BookwormTests.swift */,
			);
			path = BookwormTests;
			sourceTree = "<group>";
		};
		6170993328C5A929006CD5ED /* BookwormUITests */ = {
			isa = PBXGroup;
			children = (
				6170993428C5A929006CD5ED /* BookwormUITests.swift */,
				6170993628C5A929006CD5ED /* BookwormUITestsLaunchTests.swift */,
			);
			path = BookwormUITests;
			sourceTree = "<group>";
		};
		6170994628C5A9F3006CD5ED /* CoreData */ = {
			isa = PBXGroup;
			children = (
				6170994728C5AA04006CD5ED /* DataController.swift */,
			);
			path = CoreData;
			sourceTree = "<group>";
		};
/* End PBXGroup section */

/* Begin PBXNativeTarget section */
		6170991528C5A925006CD5ED /* Bookworm */ = {
			isa = PBXNativeTarget;
			buildConfigurationList = 6170993A28C5A929006CD5ED /* Build configuration list for PBXNativeTarget "Bookworm" */;
			buildPhases = (
				6170991228C5A925006CD5ED /* Sources */,
				6170991328C5A925006CD5ED /* Frameworks */,
				6170991428C5A925006CD5ED /* Resources */,
			);
			buildRules = (
			);
			dependencies = (
			);
			name = Bookworm;
			productName = Bookworm;
			productReference = 6170991628C5A925006CD5ED /* Bookworm.app */;
			productType = "com.apple.product-type.application";
		};
		6170992528C5A929006CD5ED /* BookwormTests */ = {
			isa = PBXNativeTarget;
			buildConfigurationList = 6170993D28C5A929006CD5ED /* Build configuration list for PBXNativeTarget "BookwormTests" */;
			buildPhases = (
				6170992228C5A929006CD5ED /* Sources */,
				6170992328C5A929006CD5ED /* Frameworks */,
				6170992428C5A929006CD5ED /* Resources */,
			);
			buildRules = (
			);
			dependencies = (
				6170992828C5A929006CD5ED /* PBXTargetDependency */,
			);
			name = BookwormTests;
			productName = BookwormTests;
			productReference = 6170992628C5A929006CD5ED /* BookwormTests.xctest */;
			productType = "com.apple.product-type.bundle.unit-test";
		};
		6170992F28C5A929006CD5ED /* BookwormUITests */ = {
			isa = PBXNativeTarget;
			buildConfigurationList = 6170994028C5A929006CD5ED /* Build configuration list for PBXNativeTarget "BookwormUITests" */;
			buildPhases = (
				6170992C28C5A929006CD5ED /* Sources */,
				6170992D28C5A929006CD5ED /* Frameworks */,
				6170992E28C5A929006CD5ED /* Resources */,
			);
			buildRules = (
			);
			dependencies = (
				6170993228C5A929006CD5ED /* PBXTargetDependency */,
			);
			name = BookwormUITests;
			productName = BookwormUITests;
			productReference = 6170993028C5A929006CD5ED /* BookwormUITests.xctest */;
			productType = "com.apple.product-type.bundle.ui-testing";
		};
/* End PBXNativeTarget section */

/* Begin PBXProject section */
		6170990E28C5A925006CD5ED /* Project object */ = {
			isa = PBXProject;
			attributes = {
				BuildIndependentTargetsInParallel = 1;
				LastSwiftUpdateCheck = 1330;
				LastUpgradeCheck = 1330;
				TargetAttributes = {
					6170991528C5A925006CD5ED = {
						CreatedOnToolsVersion = 13.3.1;
					};
					6170992528C5A929006CD5ED = {
						CreatedOnToolsVersion = 13.3.1;
						TestTargetID = 6170991528C5A925006CD5ED;
					};
					6170992F28C5A929006CD5ED = {
						CreatedOnToolsVersion = 13.3.1;
						TestTargetID = 6170991528C5A925006CD5ED;
					};
				};
			};
			buildConfigurationList = 6170991128C5A925006CD5ED /* Build configuration list for PBXProject "Bookworm" */;
			compatibilityVersion = "Xcode 13.0";
			developmentRegion = en;
			hasScannedForEncodings = 0;
			knownRegions = (
				en,
				Base,
			);
			mainGroup = 6170990D28C5A925006CD5ED;
			productRefGroup = 6170991728C5A925006CD5ED /* Products */;
			projectDirPath = "";
			projectRoot = "";
			targets = (
				6170991528C5A925006CD5ED /* Bookworm */,
				6170992528C5A929006CD5ED /* BookwormTests */,
				6170992F28C5A929006CD5ED /* BookwormUITests */,
			);
		};
/* End PBXProject section */

/* Begin PBXResourcesBuildPhase section */
		6170991428C5A925006CD5ED /* Resources */ = {
			isa = PBXResourcesBuildPhase;
			buildActionMask = 2147483647;
			files = (
				6170992128C5A928006CD5ED /* Preview Assets.xcassets in Resources */,
				6170991E28C5A928006CD5ED /* Assets.xcassets in Resources */,
			);
			runOnlyForDeploymentPostprocessing = 0;
		};
		6170992428C5A929006CD5ED /* Resources */ = {
			isa = PBXResourcesBuildPhase;
			buildActionMask = 2147483647;
			files = (
			);
			runOnlyForDeploymentPostprocessing = 0;
		};
		6170992E28C5A929006CD5ED /* Resources */ = {
			isa = PBXResourcesBuildPhase;
			buildActionMask = 2147483647;
			files = (
			);
			runOnlyForDeploymentPostprocessing = 0;
		};
/* End PBXResourcesBuildPhase section */

/* Begin PBXSourcesBuildPhase section */
		6170991228C5A925006CD5ED /* Sources */ = {
			isa = PBXSourcesBuildPhase;
			buildActionMask = 2147483647;
			files = (
				6170991C28C5A925006CD5ED /* ContentView.swift in Sources */,
				6170995028C6A2DF006CD5ED /* DetailView.swift in Sources */,
				6170994828C5AA04006CD5ED /* DataController.swift in Sources */,
				6170994528C5A9D4006CD5ED /* Bookworm.xcdatamodeld in Sources */,
				61113B7728C7E0BA00EE2A31 /* ContentViewModel.swift in Sources */,
				6170994C28C5C46B006CD5ED /* RatingView.swift in Sources */,
				6170994E28C5CD5A006CD5ED /* EmojiRatingReview.swift in Sources */,
				6170991A28C5A925006CD5ED /* BookwormApp.swift in Sources */,
				61113B7128C7D6D600EE2A31 /* AddBookViewModel.swift in Sources */,
				6170994A28C5AB72006CD5ED /* AddBookView.swift in Sources */,
			);
			runOnlyForDeploymentPostprocessing = 0;
		};
		6170992228C5A929006CD5ED /* Sources */ = {
			isa = PBXSourcesBuildPhase;
			buildActionMask = 2147483647;
			files = (
				6170992B28C5A929006CD5ED /* BookwormTests.swift in Sources */,
			);
			runOnlyForDeploymentPostprocessing = 0;
		};
		6170992C28C5A929006CD5ED /* Sources */ = {
			isa = PBXSourcesBuildPhase;
			buildActionMask = 2147483647;
			files = (
				6170993728C5A929006CD5ED /* BookwormUITestsLaunchTests.swift in Sources */,
				6170993528C5A929006CD5ED /* BookwormUITests.swift in Sources */,
			);
			runOnlyForDeploymentPostprocessing = 0;
		};
/* End PBXSourcesBuildPhase section */

/* Begin PBXTargetDependency section */
		6170992828C5A929006CD5ED /* PBXTargetDependency */ = {
			isa = PBXTargetDependency;
			target = 6170991528C5A925006CD5ED /* Bookworm */;
			targetProxy = 6170992728C5A929006CD5ED /* PBXContainerItemProxy */;
		};
		6170993228C5A929006CD5ED /* PBXTargetDependency */ = {
			isa = PBXTargetDependency;
			target = 6170991528C5A925006CD5ED /* Bookworm */;
			targetProxy = 6170993128C5A929006CD5ED /* PBXContainerItemProxy */;
		};
/* End PBXTargetDependency section */

/* Begin XCBuildConfiguration section */
		6170993828C5A929006CD5ED /* Debug */ = {
			isa = XCBuildConfiguration;
			buildSettings = {
				ALWAYS_SEARCH_USER_PATHS = NO;
				CLANG_ANALYZER_NONNULL = YES;
				CLANG_ANALYZER_NUMBER_OBJECT_CONVERSION = YES_AGGRESSIVE;
				CLANG_CXX_LANGUAGE_STANDARD = "gnu++17";
				CLANG_ENABLE_MODULES = YES;
				CLANG_ENABLE_OBJC_ARC = YES;
				CLANG_ENABLE_OBJC_WEAK = YES;
				CLANG_WARN_BLOCK_CAPTURE_AUTORELEASING = YES;
				CLANG_WARN_BOOL_CONVERSION = YES;
				CLANG_WARN_COMMA = YES;
				CLANG_WARN_CONSTANT_CONVERSION = YES;
				CLANG_WARN_DEPRECATED_OBJC_IMPLEMENTATIONS = YES;
				CLANG_WARN_DIRECT_OBJC_ISA_USAGE = YES_ERROR;
				CLANG_WARN_DOCUMENTATION_COMMENTS = YES;
				CLANG_WARN_EMPTY_BODY = YES;
				CLANG_WARN_ENUM_CONVERSION = YES;
				CLANG_WARN_INFINITE_RECURSION = YES;
				CLANG_WARN_INT_CONVERSION = YES;
				CLANG_WARN_NON_LITERAL_NULL_CONVERSION = YES;
				CLANG_WARN_OBJC_IMPLICIT_RETAIN_SELF = YES;
				CLANG_WARN_OBJC_LITERAL_CONVERSION = YES;
				CLANG_WARN_OBJC_ROOT_CLASS = YES_ERROR;
				CLANG_WARN_QUOTED_INCLUDE_IN_FRAMEWORK_HEADER = YES;
				CLANG_WARN_RANGE_LOOP_ANALYSIS = YES;
				CLANG_WARN_STRICT_PROTOTYPES = YES;
				CLANG_WARN_SUSPICIOUS_MOVE = YES;
				CLANG_WARN_UNGUARDED_AVAILABILITY = YES_AGGRESSIVE;
				CLANG_WARN_UNREACHABLE_CODE = YES;
				CLANG_WARN__DUPLICATE_METHOD_MATCH = YES;
				COPY_PHASE_STRIP = NO;
				DEBUG_INFORMATION_FORMAT = dwarf;
				ENABLE_STRICT_OBJC_MSGSEND = YES;
				ENABLE_TESTABILITY = YES;
				GCC_C_LANGUAGE_STANDARD = gnu11;
				GCC_DYNAMIC_NO_PIC = NO;
				GCC_NO_COMMON_BLOCKS = YES;
				GCC_OPTIMIZATION_LEVEL = 0;
				GCC_PREPROCESSOR_DEFINITIONS = (
					"DEBUG=1",
					"$(inherited)",
				);
				GCC_WARN_64_TO_32_BIT_CONVERSION = YES;
				GCC_WARN_ABOUT_RETURN_TYPE = YES_ERROR;
				GCC_WARN_UNDECLARED_SELECTOR = YES;
				GCC_WARN_UNINITIALIZED_AUTOS = YES_AGGRESSIVE;
				GCC_WARN_UNUSED_FUNCTION = YES;
				GCC_WARN_UNUSED_VARIABLE = YES;
				IPHONEOS_DEPLOYMENT_TARGET = 15.4;
				MTL_ENABLE_DEBUG_INFO = INCLUDE_SOURCE;
				MTL_FAST_MATH = YES;
				ONLY_ACTIVE_ARCH = YES;
				SDKROOT = iphoneos;
				SWIFT_ACTIVE_COMPILATION_CONDITIONS = DEBUG;
				SWIFT_OPTIMIZATION_LEVEL = "-Onone";
			};
			name = Debug;
		};
		6170993928C5A929006CD5ED /* Release */ = {
			isa = XCBuildConfiguration;
			buildSettings = {
				ALWAYS_SEARCH_USER_PATHS = NO;
				CLANG_ANALYZER_NONNULL = YES;
				CLANG_ANALYZER_NUMBER_OBJECT_CONVERSION = YES_AGGRESSIVE;
				CLANG_CXX_LANGUAGE_STANDARD = "gnu++17";
				CLANG_ENABLE_MODULES = YES;
				CLANG_ENABLE_OBJC_ARC = YES;
				CLANG_ENABLE_OBJC_WEAK = YES;
				CLANG_WARN_BLOCK_CAPTURE_AUTORELEASING = YES;
				CLANG_WARN_BOOL_CONVERSION = YES;
				CLANG_WARN_COMMA = YES;
				CLANG_WARN_CONSTANT_CONVERSION = YES;
				CLANG_WARN_DEPRECATED_OBJC_IMPLEMENTATIONS = YES;
				CLANG_WARN_DIRECT_OBJC_ISA_USAGE = YES_ERROR;
				CLANG_WARN_DOCUMENTATION_COMMENTS = YES;
				CLANG_WARN_EMPTY_BODY = YES;
				CLANG_WARN_ENUM_CONVERSION = YES;
				CLANG_WARN_INFINITE_RECURSION = YES;
				CLANG_WARN_INT_CONVERSION = YES;
				CLANG_WARN_NON_LITERAL_NULL_CONVERSION = YES;
				CLANG_WARN_OBJC_IMPLICIT_RETAIN_SELF = YES;
				CLANG_WARN_OBJC_LITERAL_CONVERSION = YES;
				CLANG_WARN_OBJC_ROOT_CLASS = YES_ERROR;
				CLANG_WARN_QUOTED_INCLUDE_IN_FRAMEWORK_HEADER = YES;
				CLANG_WARN_RANGE_LOOP_ANALYSIS = YES;
				CLANG_WARN_STRICT_PROTOTYPES = YES;
				CLANG_WARN_SUSPICIOUS_MOVE = YES;
				CLANG_WARN_UNGUARDED_AVAILABILITY = YES_AGGRESSIVE;
				CLANG_WARN_UNREACHABLE_CODE = YES;
				CLANG_WARN__DUPLICATE_METHOD_MATCH = YES;
				COPY_PHASE_STRIP = NO;
				DEBUG_INFORMATION_FORMAT = "dwarf-with-dsym";
				ENABLE_NS_ASSERTIONS = NO;
				ENABLE_STRICT_OBJC_MSGSEND = YES;
				GCC_C_LANGUAGE_STANDARD = gnu11;
				GCC_NO_COMMON_BLOCKS = YES;
				GCC_WARN_64_TO_32_BIT_CONVERSION = YES;
				GCC_WARN_ABOUT_RETURN_TYPE = YES_ERROR;
				GCC_WARN_UNDECLARED_SELECTOR = YES;
				GCC_WARN_UNINITIALIZED_AUTOS = YES_AGGRESSIVE;
				GCC_WARN_UNUSED_FUNCTION = YES;
				GCC_WARN_UNUSED_VARIABLE = YES;
				IPHONEOS_DEPLOYMENT_TARGET = 15.4;
				MTL_ENABLE_DEBUG_INFO = NO;
				MTL_FAST_MATH = YES;
				SDKROOT = iphoneos;
				SWIFT_COMPILATION_MODE = wholemodule;
				SWIFT_OPTIMIZATION_LEVEL = "-O";
				VALIDATE_PRODUCT = YES;
			};
			name = Release;
		};
		6170993B28C5A929006CD5ED /* Debug */ = {
			isa = XCBuildConfiguration;
			buildSettings = {
				ASSETCATALOG_COMPILER_APPICON_NAME = AppIcon;
				ASSETCATALOG_COMPILER_GLOBAL_ACCENT_COLOR_NAME = AccentColor;
				CODE_SIGN_STYLE = Automatic;
				CURRENT_PROJECT_VERSION = 1;
				DEVELOPMENT_ASSET_PATHS = "\"Bookworm/Preview Content\"";
				DEVELOPMENT_TEAM = G5MA7JP2RR;
				ENABLE_PREVIEWS = YES;
				GENERATE_INFOPLIST_FILE = YES;
				INFOPLIST_KEY_UIApplicationSceneManifest_Generation = YES;
				INFOPLIST_KEY_UIApplicationSupportsIndirectInputEvents = YES;
				INFOPLIST_KEY_UILaunchScreen_Generation = YES;
				INFOPLIST_KEY_UISupportedInterfaceOrientations_iPad = "UIInterfaceOrientationPortrait UIInterfaceOrientationPortraitUpsideDown UIInterfaceOrientationLandscapeLeft UIInterfaceOrientationLandscapeRight";
				INFOPLIST_KEY_UISupportedInterfaceOrientations_iPhone = "UIInterfaceOrientationPortrait UIInterfaceOrientationLandscapeLeft UIInterfaceOrientationLandscapeRight";
				LD_RUNPATH_SEARCH_PATHS = (
					"$(inherited)",
					"@executable_path/Frameworks",
				);
				MARKETING_VERSION = 1.0;
				PRODUCT_BUNDLE_IDENTIFIER = vince.myprojects.Bookworm;
				PRODUCT_NAME = "$(TARGET_NAME)";
				SWIFT_EMIT_LOC_STRINGS = YES;
				SWIFT_VERSION = 5.0;
				TARGETED_DEVICE_FAMILY = "1,2";
			};
			name = Debug;
		};
		6170993C28C5A929006CD5ED /* Release */ = {
			isa = XCBuildConfiguration;
			buildSettings = {
				ASSETCATALOG_COMPILER_APPICON_NAME = AppIcon;
				ASSETCATALOG_COMPILER_GLOBAL_ACCENT_COLOR_NAME = AccentColor;
				CODE_SIGN_STYLE = Automatic;
				CURRENT_PROJECT_VERSION = 1;
				DEVELOPMENT_ASSET_PATHS = "\"Bookworm/Preview Content\"";
				DEVELOPMENT_TEAM = G5MA7JP2RR;
				ENABLE_PREVIEWS = YES;
				GENERATE_INFOPLIST_FILE = YES;
				INFOPLIST_KEY_UIApplicationSceneManifest_Generation = YES;
				INFOPLIST_KEY_UIApplicationSupportsIndirectInputEvents = YES;
				INFOPLIST_KEY_UILaunchScreen_Generation = YES;
				INFOPLIST_KEY_UISupportedInterfaceOrientations_iPad = "UIInterfaceOrientationPortrait UIInterfaceOrientationPortraitUpsideDown UIInterfaceOrientationLandscapeLeft UIInterfaceOrientationLandscapeRight";
				INFOPLIST_KEY_UISupportedInterfaceOrientations_iPhone = "UIInterfaceOrientationPortrait UIInterfaceOrientationLandscapeLeft UIInterfaceOrientationLandscapeRight";
				LD_RUNPATH_SEARCH_PATHS = (
					"$(inherited)",
					"@executable_path/Frameworks",
				);
				MARKETING_VERSION = 1.0;
				PRODUCT_BUNDLE_IDENTIFIER = vince.myprojects.Bookworm;
				PRODUCT_NAME = "$(TARGET_NAME)";
				SWIFT_EMIT_LOC_STRINGS = YES;
				SWIFT_VERSION = 5.0;
				TARGETED_DEVICE_FAMILY = "1,2";
			};
			name = Release;
		};
		6170993E28C5A929006CD5ED /* Debug */ = {
			isa = XCBuildConfiguration;
			buildSettings = {
				ALWAYS_EMBED_SWIFT_STANDARD_LIBRARIES = YES;
				BUNDLE_LOADER = "$(TEST_HOST)";
				CODE_SIGN_STYLE = Automatic;
				CURRENT_PROJECT_VERSION = 1;
				DEVELOPMENT_TEAM = G5MA7JP2RR;
				GENERATE_INFOPLIST_FILE = YES;
				IPHONEOS_DEPLOYMENT_TARGET = 15.4;
				MARKETING_VERSION = 1.0;
				PRODUCT_BUNDLE_IDENTIFIER = vince.myprojects.BookwormTests;
				PRODUCT_NAME = "$(TARGET_NAME)";
				SWIFT_EMIT_LOC_STRINGS = NO;
				SWIFT_VERSION = 5.0;
				TARGETED_DEVICE_FAMILY = "1,2";
				TEST_HOST = "$(BUILT_PRODUCTS_DIR)/Bookworm.app/Bookworm";
			};
			name = Debug;
		};
		6170993F28C5A929006CD5ED /* Release */ = {
			isa = XCBuildConfiguration;
			buildSettings = {
				ALWAYS_EMBED_SWIFT_STANDARD_LIBRARIES = YES;
				BUNDLE_LOADER = "$(TEST_HOST)";
				CODE_SIGN_STYLE = Automatic;
				CURRENT_PROJECT_VERSION = 1;
				DEVELOPMENT_TEAM = G5MA7JP2RR;
				GENERATE_INFOPLIST_FILE = YES;
				IPHONEOS_DEPLOYMENT_TARGET = 15.4;
				MARKETING_VERSION = 1.0;
				PRODUCT_BUNDLE_IDENTIFIER = vince.myprojects.BookwormTests;
				PRODUCT_NAME = "$(TARGET_NAME)";
				SWIFT_EMIT_LOC_STRINGS = NO;
				SWIFT_VERSION = 5.0;
				TARGETED_DEVICE_FAMILY = "1,2";
				TEST_HOST = "$(BUILT_PRODUCTS_DIR)/Bookworm.app/Bookworm";
			};
			name = Release;
		};
		6170994128C5A929006CD5ED /* Debug */ = {
			isa = XCBuildConfiguration;
			buildSettings = {
				ALWAYS_EMBED_SWIFT_STANDARD_LIBRARIES = YES;
				CODE_SIGN_STYLE = Automatic;
				CURRENT_PROJECT_VERSION = 1;
				DEVELOPMENT_TEAM = G5MA7JP2RR;
				GENERATE_INFOPLIST_FILE = YES;
				MARKETING_VERSION = 1.0;
				PRODUCT_BUNDLE_IDENTIFIER = vince.myprojects.BookwormUITests;
				PRODUCT_NAME = "$(TARGET_NAME)";
				SWIFT_EMIT_LOC_STRINGS = NO;
				SWIFT_VERSION = 5.0;
				TARGETED_DEVICE_FAMILY = "1,2";
				TEST_TARGET_NAME = Bookworm;
			};
			name = Debug;
		};
		6170994228C5A929006CD5ED /* Release */ = {
			isa = XCBuildConfiguration;
			buildSettings = {
				ALWAYS_EMBED_SWIFT_STANDARD_LIBRARIES = YES;
				CODE_SIGN_STYLE = Automatic;
				CURRENT_PROJECT_VERSION = 1;
				DEVELOPMENT_TEAM = G5MA7JP2RR;
				GENERATE_INFOPLIST_FILE = YES;
				MARKETING_VERSION = 1.0;
				PRODUCT_BUNDLE_IDENTIFIER = vince.myprojects.BookwormUITests;
				PRODUCT_NAME = "$(TARGET_NAME)";
				SWIFT_EMIT_LOC_STRINGS = NO;
				SWIFT_VERSION = 5.0;
				TARGETED_DEVICE_FAMILY = "1,2";
				TEST_TARGET_NAME = Bookworm;
			};
			name = Release;
		};
/* End XCBuildConfiguration section */

/* Begin XCConfigurationList section */
		6170991128C5A925006CD5ED /* Build configuration list for PBXProject "Bookworm" */ = {
			isa = XCConfigurationList;
			buildConfigurations = (
				6170993828C5A929006CD5ED /* Debug */,
				6170993928C5A929006CD5ED /* Release */,
			);
			defaultConfigurationIsVisible = 0;
			defaultConfigurationName = Release;
		};
		6170993A28C5A929006CD5ED /* Build configuration list for PBXNativeTarget "Bookworm" */ = {
			isa = XCConfigurationList;
			buildConfigurations = (
				6170993B28C5A929006CD5ED /* Debug */,
				6170993C28C5A929006CD5ED /* Release */,
			);
			defaultConfigurationIsVisible = 0;
			defaultConfigurationName = Release;
		};
		6170993D28C5A929006CD5ED /* Build configuration list for PBXNativeTarget "BookwormTests" */ = {
			isa = XCConfigurationList;
			buildConfigurations = (
				6170993E28C5A929006CD5ED /* Debug */,
				6170993F28C5A929006CD5ED /* Release */,
			);
			defaultConfigurationIsVisible = 0;
			defaultConfigurationName = Release;
		};
		6170994028C5A929006CD5ED /* Build configuration list for PBXNativeTarget "BookwormUITests" */ = {
			isa = XCConfigurationList;
			buildConfigurations = (
				6170994128C5A929006CD5ED /* Debug */,
				6170994228C5A929006CD5ED /* Release */,
			);
			defaultConfigurationIsVisible = 0;
			defaultConfigurationName = Release;
		};
/* End XCConfigurationList section */

/* Begin XCVersionGroup section */
		6170994328C5A9D4006CD5ED /* Bookworm.xcdatamodeld */ = {
			isa = XCVersionGroup;
			children = (
				6170994428C5A9D4006CD5ED /* Bookworm.xcdatamodel */,
			);
			currentVersion = 6170994428C5A9D4006CD5ED /* Bookworm.xcdatamodel */;
			path = Bookworm.xcdatamodeld;
			sourceTree = "<group>";
			versionGroupType = wrapper.xcdatamodel;
		};
/* End XCVersionGroup section */
	};
	rootObject = 6170990E28C5A925006CD5ED /* Project object */;
}
